{
  "version": 4,
  "terraform_version": "1.14.3",
  "serial": 16,
  "lineage": "2a1c992d-5b51-b83f-c559-065f7c777046",
  "outputs": {
    "public_ip": {
      "value": "172.203.164.146",
      "type": "string"
    }
  },
  "resources": [
    {
      "mode": "managed",
      "type": "azurerm_linux_virtual_machine",
      "name": "vm",
      "provider": "provider[\"registry.terraform.io/hashicorp/azurerm\"]",
      "instances": [
        {
          "schema_version": 0,
          "attributes": {
            "additional_capabilities": [],
            "admin_password": null,
            "admin_ssh_key": [
              {
                "public_key": "ssh-rsa AAAAB3NzaC1yc2EAAAADAQABAAACAQCj353qkyDRVVl+td7W9QGGdoGlBq7oKVsWEdXEmmjokUrg6cNQnHE+mcw9+/uSTjmRnuLrZ4yzZ+VoTkPdhWKijgch1L0y3onjmJ4FRr9Em4DdPI2Mvwu7AvYnVoT2JlFj9fr2586kzHh8rqnMxNIWa8dDnqC+0hUUPqaS27nTcvoSrd4Ej3y4excUvumQOuZsHI/AFCmZCdj92nw0yzBNL542rS+ncnuSHiGp8l4JncOSWMTlY9/7SuII3dVFc22txsyWFnP+KGvHLZI732d//c99KIH9P8azJpV2KjeFOQutLiqTrWzCB8qd0Dx+cmukSF2nBPqMumLhkUIgm7kDYAL1/OMb28gUP90ldKNF9nkWr3/WcBSIgh0TaxQKcEcrb3+mERvM5i0307YJwGDn/Ad2JdfSha5oxweNO5dXaNYRxOhqQLX4npe0nkWIVi2F9KszBQqJzwlVnHpuMrmFSU7Rje7Pb9fxxkp0JOjQsDaFL05l9FSwBYUXGbEnB5gZdaOyLL6Fmr5A2FiB1pTJ/vsG5bWXg/J5SAKamn7he9lK3AuZsU0dwZME9zkegfr41cm+rmcWICCCPtnIbF9jQkhMtXN1avvNaiUvBcy41xdLmIbOXtBrSMlwT1ypnIW8cWdioaszw0ur8KCa7Rb8vopNnBIuhBHDzUjqqUxlnw== terraform-azure\r\n",
                "username": "azureuser"
              }
            ],
            "admin_username": "azureuser",
            "allow_extension_operations": true,
            "availability_set_id": "",
            "boot_diagnostics": [],
            "bypass_platform_safety_checks_on_user_schedule_enabled": false,
            "capacity_reservation_group_id": "",
            "computer_name": "vm-apipersonas",
            "custom_data": null,
            "dedicated_host_group_id": "",
            "dedicated_host_id": "",
            "disable_password_authentication": true,
            "disk_controller_type": "",
            "edge_zone": "",
            "encryption_at_host_enabled": false,
            "eviction_policy": "",
            "extensions_time_budget": "PT1H30M",
            "gallery_application": [],
            "id": "/subscriptions/f29ccd9e-f4d7-4f5c-ab98-65ba4032b925/resourceGroups/rg-apipersonas-dev/providers/Microsoft.Compute/virtualMachines/vm-apipersonas",
            "identity": [],
            "license_type": "",
            "location": "eastus",
            "max_bid_price": -1,
            "name": "vm-apipersonas",
            "network_interface_ids": [
              "/subscriptions/f29ccd9e-f4d7-4f5c-ab98-65ba4032b925/resourceGroups/rg-apipersonas-dev/providers/Microsoft.Network/networkInterfaces/nic-apipersonas"
            ],
            "os_disk": [
              {
                "caching": "ReadWrite",
                "diff_disk_settings": [],
                "disk_encryption_set_id": "",
                "disk_size_gb": 30,
                "name": "vm-apipersonas_OsDisk_1_bdb7de2faf35479a848d37e280b2c6ee",
                "secure_vm_disk_encryption_set_id": "",
                "security_encryption_type": "",
                "storage_account_type": "Standard_LRS",
                "write_accelerator_enabled": false
              }
            ],
            "os_image_notification": [],
            "patch_assessment_mode": "ImageDefault",
            "patch_mode": "ImageDefault",
            "plan": [],
            "platform_fault_domain": -1,
            "priority": "Regular",
            "private_ip_address": "10.0.1.4",
            "private_ip_addresses": [
              "10.0.1.4"
            ],
            "provision_vm_agent": true,
            "proximity_placement_group_id": "",
            "public_ip_address": "172.203.164.146",
            "public_ip_addresses": [
              "172.203.164.146"
            ],
            "reboot_setting": "",
            "resource_group_name": "rg-apipersonas-dev",
            "secret": [],
            "secure_boot_enabled": false,
            "size": "Standard_B2s",
            "source_image_id": "",
            "source_image_reference": [
              {
                "offer": "0001-com-ubuntu-server-jammy",
                "publisher": "Canonical",
                "sku": "22_04-lts",
                "version": "latest"
              }
            ],
            "tags": null,
            "termination_notification": null,
            "timeouts": null,
            "user_data": "",
            "virtual_machine_id": "0cd30118-6cd9-43fb-b789-7018b96a50bc",
            "virtual_machine_scale_set_id": "",
            "vm_agent_platform_updates_enabled": false,
            "vtpm_enabled": false,
            "zone": ""
          },
          "sensitive_attributes": [
            [
              {
                "type": "get_attr",
                "value": "admin_password"
              }
            ],
            [
              {
                "type": "get_attr",
                "value": "custom_data"
              }
            ]
          ],
          "identity_schema_version": 0,
          "private": "eyJlMmJmYjczMC1lY2FhLTExZTYtOGY4OC0zNDM2M2JjN2M0YzAiOnsiY3JlYXRlIjoyNzAwMDAwMDAwMDAwLCJkZWxldGUiOjI3MDAwMDAwMDAwMDAsInJlYWQiOjMwMDAwMDAwMDAwMCwidXBkYXRlIjoyNzAwMDAwMDAwMDAwfX0=",
          "dependencies": [
            "azurerm_network_interface.nic",
            "azurerm_public_ip.public_ip",
            "azurerm_resource_group.rg",
            "azurerm_subnet.subnet",
            "azurerm_virtual_network.vnet"
          ]
        }
      ]
    },
    {
      "mode": "managed",
      "type": "azurerm_network_interface",
      "name": "nic",
      "provider": "provider[\"registry.terraform.io/hashicorp/azurerm\"]",
      "instances": [
        {
          "schema_version": 0,
          "attributes": {
            "accelerated_networking_enabled": false,
            "applied_dns_servers": [],
            "auxiliary_mode": "",
            "auxiliary_sku": "",
            "dns_servers": [],
            "edge_zone": "",
            "enable_accelerated_networking": false,
            "enable_ip_forwarding": false,
            "id": "/subscriptions/f29ccd9e-f4d7-4f5c-ab98-65ba4032b925/resourceGroups/rg-apipersonas-dev/providers/Microsoft.Network/networkInterfaces/nic-apipersonas",
            "internal_dns_name_label": "",
            "internal_domain_name_suffix": "p53y4f3fnpsubpfslkkexlndhf.bx.internal.cloudapp.net",
            "ip_configuration": [
              {
                "gateway_load_balancer_frontend_ip_configuration_id": "",
                "name": "internal",
                "primary": true,
                "private_ip_address": "10.0.1.4",
                "private_ip_address_allocation": "Dynamic",
                "private_ip_address_version": "IPv4",
                "public_ip_address_id": "/subscriptions/f29ccd9e-f4d7-4f5c-ab98-65ba4032b925/resourceGroups/rg-apipersonas-dev/providers/Microsoft.Network/publicIPAddresses/pip-apipersonas",
                "subnet_id": "/subscriptions/f29ccd9e-f4d7-4f5c-ab98-65ba4032b925/resourceGroups/rg-apipersonas-dev/providers/Microsoft.Network/virtualNetworks/vnet-apipersonas/subnets/subnet-apipersonas"
              }
            ],
            "ip_forwarding_enabled": false,
            "location": "eastus",
            "mac_address": "7C-ED-8D-19-32-02",
            "name": "nic-apipersonas",
            "private_ip_address": "10.0.1.4",
            "private_ip_addresses": [
              "10.0.1.4"
            ],
            "resource_group_name": "rg-apipersonas-dev",
            "tags": {},
            "timeouts": null,
            "virtual_machine_id": "/subscriptions/f29ccd9e-f4d7-4f5c-ab98-65ba4032b925/resourceGroups/rg-apipersonas-dev/providers/Microsoft.Compute/virtualMachines/vm-apipersonas"
          },
          "sensitive_attributes": [],
          "identity_schema_version": 0,
          "private": "eyJlMmJmYjczMC1lY2FhLTExZTYtOGY4OC0zNDM2M2JjN2M0YzAiOnsiY3JlYXRlIjoxODAwMDAwMDAwMDAwLCJkZWxldGUiOjE4MDAwMDAwMDAwMDAsInJlYWQiOjMwMDAwMDAwMDAwMCwidXBkYXRlIjoxODAwMDAwMDAwMDAwfX0=",
          "dependencies": [
            "azurerm_public_ip.public_ip",
            "azurerm_resource_group.rg",
            "azurerm_subnet.subnet",
            "azurerm_virtual_network.vnet"
          ]
        }
      ]
    },
    {
      "mode": "managed",
      "type": "azurerm_network_security_group",
      "name": "nsg",
      "provider": "provider[\"registry.terraform.io/hashicorp/azurerm\"]",
      "instances": [
        {
          "schema_version": 0,
          "attributes": {
            "id": "/subscriptions/f29ccd9e-f4d7-4f5c-ab98-65ba4032b925/resourceGroups/rg-apipersonas-dev/providers/Microsoft.Network/networkSecurityGroups/nsg-apipersonas",
            "location": "eastus",
            "name": "nsg-apipersonas",
            "resource_group_name": "rg-apipersonas-dev",
            "security_rule": [
              {
                "access": "Allow",
                "description": "",
                "destination_address_prefix": "*",
                "destination_address_prefixes": [],
                "destination_application_security_group_ids": [],
                "destination_port_range": "22",
                "destination_port_ranges": [],
                "direction": "Inbound",
                "name": "Allow-SSH",
                "priority": 100,
                "protocol": "Tcp",
                "source_address_prefix": "*",
                "source_address_prefixes": [],
                "source_application_security_group_ids": [],
                "source_port_range": "*",
                "source_port_ranges": []
              },
              {
                "access": "Allow",
                "description": "",
                "destination_address_prefix": "*",
                "destination_address_prefixes": [],
                "destination_application_security_group_ids": [],
                "destination_port_range": "8080",
                "destination_port_ranges": [],
                "direction": "Inbound",
                "name": "Allow-API-8080",
                "priority": 110,
                "protocol": "Tcp",
                "source_address_prefix": "*",
                "source_address_prefixes": [],
                "source_application_security_group_ids": [],
                "source_port_range": "*",
                "source_port_ranges": []
              }
            ],
            "tags": {},
            "timeouts": null
          },
          "sensitive_attributes": [],
          "identity_schema_version": 0,
          "private": "eyJlMmJmYjczMC1lY2FhLTExZTYtOGY4OC0zNDM2M2JjN2M0YzAiOnsiY3JlYXRlIjoxODAwMDAwMDAwMDAwLCJkZWxldGUiOjE4MDAwMDAwMDAwMDAsInJlYWQiOjMwMDAwMDAwMDAwMCwidXBkYXRlIjoxODAwMDAwMDAwMDAwfX0=",
          "dependencies": [
            "azurerm_resource_group.rg"
          ]
        }
      ]
    },
    {
      "mode": "managed",
      "type": "azurerm_public_ip",
      "name": "public_ip",
      "provider": "provider[\"registry.terraform.io/hashicorp/azurerm\"]",
      "instances": [
        {
          "schema_version": 0,
          "attributes": {
            "allocation_method": "Static",
            "ddos_protection_mode": "VirtualNetworkInherited",
            "ddos_protection_plan_id": null,
            "domain_name_label": null,
            "edge_zone": "",
            "fqdn": null,
            "id": "/subscriptions/f29ccd9e-f4d7-4f5c-ab98-65ba4032b925/resourceGroups/rg-apipersonas-dev/providers/Microsoft.Network/publicIPAddresses/pip-apipersonas",
            "idle_timeout_in_minutes": 4,
            "ip_address": "172.203.164.146",
            "ip_tags": {},
            "ip_version": "IPv4",
            "location": "eastus",
            "name": "pip-apipersonas",
            "public_ip_prefix_id": null,
            "resource_group_name": "rg-apipersonas-dev",
            "reverse_fqdn": null,
            "sku": "Standard",
            "sku_tier": "Regional",
            "tags": {},
            "timeouts": null,
            "zones": []
          },
          "sensitive_attributes": [],
          "identity_schema_version": 0,
          "private": "eyJlMmJmYjczMC1lY2FhLTExZTYtOGY4OC0zNDM2M2JjN2M0YzAiOnsiY3JlYXRlIjoxODAwMDAwMDAwMDAwLCJkZWxldGUiOjE4MDAwMDAwMDAwMDAsInJlYWQiOjMwMDAwMDAwMDAwMCwidXBkYXRlIjoxODAwMDAwMDAwMDAwfX0=",
          "dependencies": [
            "azurerm_resource_group.rg"
          ]
        }
      ]
    },
    {
      "mode": "managed",
      "type": "azurerm_resource_group",
      "name": "rg",
      "provider": "provider[\"registry.terraform.io/hashicorp/azurerm\"]",
      "instances": [
        {
          "schema_version": 0,
          "attributes": {
            "id": "/subscriptions/f29ccd9e-f4d7-4f5c-ab98-65ba4032b925/resourceGroups/rg-apipersonas-dev",
            "location": "eastus",
            "managed_by": "",
            "name": "rg-apipersonas-dev",
            "tags": {},
            "timeouts": null
          },
          "sensitive_attributes": [],
          "identity_schema_version": 0,
          "private": "eyJlMmJmYjczMC1lY2FhLTExZTYtOGY4OC0zNDM2M2JjN2M0YzAiOnsiY3JlYXRlIjo1NDAwMDAwMDAwMDAwLCJkZWxldGUiOjU0MDAwMDAwMDAwMDAsInJlYWQiOjMwMDAwMDAwMDAwMCwidXBkYXRlIjo1NDAwMDAwMDAwMDAwfX0="
        }
      ]
    },
    {
      "mode": "managed",
      "type": "azurerm_subnet",
      "name": "subnet",
      "provider": "provider[\"registry.terraform.io/hashicorp/azurerm\"]",
      "instances": [
        {
          "schema_version": 0,
          "attributes": {
            "address_prefixes": [
              "10.0.1.0/24"
            ],
            "default_outbound_access_enabled": true,
            "delegation": [],
            "enforce_private_link_endpoint_network_policies": false,
            "enforce_private_link_service_network_policies": false,
            "id": "/subscriptions/f29ccd9e-f4d7-4f5c-ab98-65ba4032b925/resourceGroups/rg-apipersonas-dev/providers/Microsoft.Network/virtualNetworks/vnet-apipersonas/subnets/subnet-apipersonas",
            "name": "subnet-apipersonas",
            "private_endpoint_network_policies": "Enabled",
            "private_endpoint_network_policies_enabled": true,
            "private_link_service_network_policies_enabled": true,
            "resource_group_name": "rg-apipersonas-dev",
            "service_endpoint_policy_ids": [],
            "service_endpoints": [],
            "timeouts": null,
            "virtual_network_name": "vnet-apipersonas"
          },
          "sensitive_attributes": [],
          "identity_schema_version": 0,
          "private": "eyJlMmJmYjczMC1lY2FhLTExZTYtOGY4OC0zNDM2M2JjN2M0YzAiOnsiY3JlYXRlIjoxODAwMDAwMDAwMDAwLCJkZWxldGUiOjE4MDAwMDAwMDAwMDAsInJlYWQiOjMwMDAwMDAwMDAwMCwidXBkYXRlIjoxODAwMDAwMDAwMDAwfX0=",
          "dependencies": [
            "azurerm_resource_group.rg",
            "azurerm_virtual_network.vnet"
          ]
        }
      ]
    },
    {
      "mode": "managed",
      "type": "azurerm_subnet_network_security_group_association",
      "name": "nsg_assoc",
      "provider": "provider[\"registry.terraform.io/hashicorp/azurerm\"]",
      "instances": [
        {
          "schema_version": 0,
          "attributes": {
            "id": "/subscriptions/f29ccd9e-f4d7-4f5c-ab98-65ba4032b925/resourceGroups/rg-apipersonas-dev/providers/Microsoft.Network/virtualNetworks/vnet-apipersonas/subnets/subnet-apipersonas",
            "network_security_group_id": "/subscriptions/f29ccd9e-f4d7-4f5c-ab98-65ba4032b925/resourceGroups/rg-apipersonas-dev/providers/Microsoft.Network/networkSecurityGroups/nsg-apipersonas",
            "subnet_id": "/subscriptions/f29ccd9e-f4d7-4f5c-ab98-65ba4032b925/resourceGroups/rg-apipersonas-dev/providers/Microsoft.Network/virtualNetworks/vnet-apipersonas/subnets/subnet-apipersonas",
            "timeouts": null
          },
          "sensitive_attributes": [],
          "identity_schema_version": 0,
          "private": "eyJlMmJmYjczMC1lY2FhLTExZTYtOGY4OC0zNDM2M2JjN2M0YzAiOnsiY3JlYXRlIjoxODAwMDAwMDAwMDAwLCJkZWxldGUiOjE4MDAwMDAwMDAwMDAsInJlYWQiOjMwMDAwMDAwMDAwMH19",
          "dependencies": [
            "azurerm_network_security_group.nsg",
            "azurerm_resource_group.rg",
            "azurerm_subnet.subnet",
            "azurerm_virtual_network.vnet"
          ]
        }
      ]
    },
    {
      "mode": "managed",
      "type": "azurerm_virtual_network",
      "name": "vnet",
      "provider": "provider[\"registry.terraform.io/hashicorp/azurerm\"]",
      "instances": [
        {
          "schema_version": 0,
          "attributes": {
            "address_space": [
              "10.0.0.0/16"
            ],
            "bgp_community": "",
            "ddos_protection_plan": [],
            "dns_servers": [],
            "edge_zone": "",
            "encryption": [],
            "flow_timeout_in_minutes": 0,
            "guid": "178ffb7f-6ba5-40e5-bcb2-5a944bada33d",
            "id": "/subscriptions/f29ccd9e-f4d7-4f5c-ab98-65ba4032b925/resourceGroups/rg-apipersonas-dev/providers/Microsoft.Network/virtualNetworks/vnet-apipersonas",
            "location": "eastus",
            "name": "vnet-apipersonas",
            "resource_group_name": "rg-apipersonas-dev",
            "subnet": [
              {
                "address_prefix": "10.0.1.0/24",
                "id": "/subscriptions/f29ccd9e-f4d7-4f5c-ab98-65ba4032b925/resourceGroups/rg-apipersonas-dev/providers/Microsoft.Network/virtualNetworks/vnet-apipersonas/subnets/subnet-apipersonas",
                "name": "subnet-apipersonas",
                "security_group": "/subscriptions/f29ccd9e-f4d7-4f5c-ab98-65ba4032b925/resourceGroups/rg-apipersonas-dev/providers/Microsoft.Network/networkSecurityGroups/nsg-apipersonas"
              }
            ],
            "tags": {},
            "timeouts": null
          },
          "sensitive_attributes": [],
          "identity_schema_version": 0,
          "private": "eyJlMmJmYjczMC1lY2FhLTExZTYtOGY4OC0zNDM2M2JjN2M0YzAiOnsiY3JlYXRlIjoxODAwMDAwMDAwMDAwLCJkZWxldGUiOjE4MDAwMDAwMDAwMDAsInJlYWQiOjMwMDAwMDAwMDAwMCwidXBkYXRlIjoxODAwMDAwMDAwMDAwfX0=",
          "dependencies": [
            "azurerm_resource_group.rg"
          ]
        }
      ]
    }
  ],
  "check_results": null
}
